// !$*UTF8*$!
{
	archiveVersion = 1;
	classes = {
	};
	objectVersion = 55;
	objects = {

/* Begin PBXBuildFile section */
		BCD8827E28732B3700863BB7 /* mtApp.swift in Sources */ = {isa = PBXBuildFile; fileRef = BCD8827D28732B3700863BB7 /* mtApp.swift */; };
		BCD8828028732B3700863BB7 /* ContentView.swift in Sources */ = {isa = PBXBuildFile; fileRef = BCD8827F28732B3700863BB7 /* ContentView.swift */; };
		BCD8828228732B3900863BB7 /* Assets.xcassets in Resources */ = {isa = PBXBuildFile; fileRef = BCD8828128732B3900863BB7 /* Assets.xcassets */; };
		BCD8828528732B3900863BB7 /* Preview Assets.xcassets in Resources */ = {isa = PBXBuildFile; fileRef = BCD8828428732B3900863BB7 /* Preview Assets.xcassets */; };
		BCD8828F28732B3A00863BB7 /* mtTests.swift in Sources */ = {isa = PBXBuildFile; fileRef = BCD8828E28732B3A00863BB7 /* mtTests.swift */; };
		BCD8829928732B3A00863BB7 /* mtUITests.swift in Sources */ = {isa = PBXBuildFile; fileRef = BCD8829828732B3A00863BB7 /* mtUITests.swift */; };
		BCD8829B28732B3A00863BB7 /* mtUITestsLaunchTests.swift in Sources */ = {isa = PBXBuildFile; fileRef = BCD8829A28732B3A00863BB7 /* mtUITestsLaunchTests.swift */; };
		BCD882A928733ACC00863BB7 /* mt.xcdatamodeld in Sources */ = {isa = PBXBuildFile; fileRef = BCD882A728733ACC00863BB7 /* mt.xcdatamodeld */; };
		BCD882AB28733AE500863BB7 /* Launch Screen.storyboard in Resources */ = {isa = PBXBuildFile; fileRef = BCD882AA28733AE500863BB7 /* Launch Screen.storyboard */; };
/* End PBXBuildFile section */

/* Begin PBXContainerItemProxy section */
		BCD8828B28732B3A00863BB7 /* PBXContainerItemProxy */ = {
			isa = PBXContainerItemProxy;
			containerPortal = BCD8827228732B3700863BB7 /* Project object */;
			proxyType = 1;
			remoteGlobalIDString = BCD8827928732B3700863BB7;
			remoteInfo = mt;
		};
		BCD8829528732B3A00863BB7 /* PBXContainerItemProxy */ = {
			isa = PBXContainerItemProxy;
			containerPortal = BCD8827228732B3700863BB7 /* Project object */;
			proxyType = 1;
			remoteGlobalIDString = BCD8827928732B3700863BB7;
			remoteInfo = mt;
		};
/* End PBXContainerItemProxy section */

/* Begin PBXFileReference section */
		BCD8827A28732B3700863BB7 /* mt.app */ = {isa = PBXFileReference; explicitFileType = wrapper.application; includeInIndex = 0; path = mt.app; sourceTree = BUILT_PRODUCTS_DIR; };
		BCD8827D28732B3700863BB7 /* mtApp.swift */ = {isa = PBXFileReference; lastKnownFileType = sourcecode.swift; path = mtApp.swift; sourceTree = "<group>"; };
		BCD8827F28732B3700863BB7 /* ContentView.swift */ = {isa = PBXFileReference; lastKnownFileType = sourcecode.swift; path = ContentView.swift; sourceTree = "<group>"; };
		BCD8828128732B3900863BB7 /* Assets.xcassets */ = {isa = PBXFileReference; lastKnownFileType = folder.assetcatalog; path = Assets.xcassets; sourceTree = "<group>"; };
		BCD8828428732B3900863BB7 /* Preview Assets.xcassets */ = {isa = PBXFileReference; lastKnownFileType = folder.assetcatalog; path = "Preview Assets.xcassets"; sourceTree = "<group>"; };
		BCD8828A28732B3A00863BB7 /* mtTests.xctest */ = {isa = PBXFileReference; explicitFileType = wrapper.cfbundle; includeInIndex = 0; path = mtTests.xctest; sourceTree = BUILT_PRODUCTS_DIR; };
		BCD8828E28732B3A00863BB7 /* mtTests.swift */ = {isa = PBXFileReference; lastKnownFileType = sourcecode.swift; path = mtTests.swift; sourceTree = "<group>"; };
		BCD8829428732B3A00863BB7 /* mtUITests.xctest */ = {isa = PBXFileReference; explicitFileType = wrapper.cfbundle; includeInIndex = 0; path = mtUITests.xctest; sourceTree = BUILT_PRODUCTS_DIR; };
		BCD8829828732B3A00863BB7 /* mtUITests.swift */ = {isa = PBXFileReference; lastKnownFileType = sourcecode.swift; path = mtUITests.swift; sourceTree = "<group>"; };
		BCD8829A28732B3A00863BB7 /* mtUITestsLaunchTests.swift */ = {isa = PBXFileReference; lastKnownFileType = sourcecode.swift; path = mtUITestsLaunchTests.swift; sourceTree = "<group>"; };
		BCD882A828733ACC00863BB7 /* mt.xcdatamodel */ = {isa = PBXFileReference; lastKnownFileType = wrapper.xcdatamodel; path = mt.xcdatamodel; sourceTree = "<group>"; };
		BCD882AA28733AE500863BB7 /* Launch Screen.storyboard */ = {isa = PBXFileReference; lastKnownFileType = file.storyboard; path = "Launch Screen.storyboard"; sourceTree = "<group>"; };
/* End PBXFileReference section */

/* Begin PBXFrameworksBuildPhase section */
		BCD8827728732B3700863BB7 /* Frameworks */ = {
			isa = PBXFrameworksBuildPhase;
			buildActionMask = 2147483647;
			files = (
			);
			runOnlyForDeploymentPostprocessing = 0;
		};
		BCD8828728732B3A00863BB7 /* Frameworks */ = {
			isa = PBXFrameworksBuildPhase;
			buildActionMask = 2147483647;
			files = (
			);
			runOnlyForDeploymentPostprocessing = 0;
		};
		BCD8829128732B3A00863BB7 /* Frameworks */ = {
			isa = PBXFrameworksBuildPhase;
			buildActionMask = 2147483647;
			files = (
			);
			runOnlyForDeploymentPostprocessing = 0;
		};
/* End PBXFrameworksBuildPhase section */

/* Begin PBXGroup section */
		BCD8827128732B3700863BB7 = {
			isa = PBXGroup;
			children = (
				BCD8827C28732B3700863BB7 /* mt */,
				BCD8828D28732B3A00863BB7 /* mtTests */,
				BCD8829728732B3A00863BB7 /* mtUITests */,
				BCD8827B28732B3700863BB7 /* Products */,
			);
			sourceTree = "<group>";
		};
		BCD8827B28732B3700863BB7 /* Products */ = {
			isa = PBXGroup;
			children = (
				BCD8827A28732B3700863BB7 /* mt.app */,
				BCD8828A28732B3A00863BB7 /* mtTests.xctest */,
				BCD8829428732B3A00863BB7 /* mtUITests.xctest */,
			);
			name = Products;
			sourceTree = "<group>";
		};
		BCD8827C28732B3700863BB7 /* mt */ = {
			isa = PBXGroup;
			children = (
				BCD882AD28733B0700863BB7 /* Models */,
				BCD8827D28732B3700863BB7 /* mtApp.swift */,
				BCD882AC28733AFB00863BB7 /* Views */,
				BCD882AF28733B2800863BB7 /* ViewModel */,
				BCD8828128732B3900863BB7 /* Assets.xcassets */,
				BCD8828328732B3900863BB7 /* Preview Content */,
				BCD882A728733ACC00863BB7 /* mt.xcdatamodeld */,
				BCD882AA28733AE500863BB7 /* Launch Screen.storyboard */,
			);
			path = mt;
			sourceTree = "<group>";
		};
		BCD8828328732B3900863BB7 /* Preview Content */ = {
			isa = PBXGroup;
			children = (
				BCD8828428732B3900863BB7 /* Preview Assets.xcassets */,
			);
			path = "Preview Content";
			sourceTree = "<group>";
		};
		BCD8828D28732B3A00863BB7 /* mtTests */ = {
			isa = PBXGroup;
			children = (
				BCD8828E28732B3A00863BB7 /* mtTests.swift */,
			);
			path = mtTests;
			sourceTree = "<group>";
		};
		BCD8829728732B3A00863BB7 /* mtUITests */ = {
			isa = PBXGroup;
			children = (
				BCD8829828732B3A00863BB7 /* mtUITests.swift */,
				BCD8829A28732B3A00863BB7 /* mtUITestsLaunchTests.swift */,
			);
			path = mtUITests;
			sourceTree = "<group>";
		};
		BCD882AC28733AFB00863BB7 /* Views */ = {
			isa = PBXGroup;
			children = (
				BCD8827F28732B3700863BB7 /* ContentView.swift */,
				BCD882AE28733B1800863BB7 /* Screens */,
			);
			path = Views;
			sourceTree = "<group>";
		};
		BCD882AD28733B0700863BB7 /* Models */ = {
			isa = PBXGroup;
			children = (
			);
			path = Models;
			sourceTree = "<group>";
		};
		BCD882AE28733B1800863BB7 /* Screens */ = {
			isa = PBXGroup;
			children = (
			);
			path = Screens;
			sourceTree = "<group>";
		};
		BCD882AF28733B2800863BB7 /* ViewModel */ = {
			isa = PBXGroup;
			children = (
			);
			path = ViewModel;
			sourceTree = "<group>";
		};
/* End PBXGroup section */

/* Begin PBXNativeTarget section */
		BCD8827928732B3700863BB7 /* mt */ = {
			isa = PBXNativeTarget;
			buildConfigurationList = BCD8829E28732B3A00863BB7 /* Build configuration list for PBXNativeTarget "mt" */;
			buildPhases = (
				BCD8827628732B3700863BB7 /* Sources */,
				BCD8827728732B3700863BB7 /* Frameworks */,
				BCD8827828732B3700863BB7 /* Resources */,
			);
			buildRules = (
			);
			dependencies = (
			);
			name = mt;
			productName = mt;
			productReference = BCD8827A28732B3700863BB7 /* mt.app */;
			productType = "com.apple.product-type.application";
		};
		BCD8828928732B3A00863BB7 /* mtTests */ = {
			isa = PBXNativeTarget;
			buildConfigurationList = BCD882A128732B3A00863BB7 /* Build configuration list for PBXNativeTarget "mtTests" */;
			buildPhases = (
				BCD8828628732B3A00863BB7 /* Sources */,
				BCD8828728732B3A00863BB7 /* Frameworks */,
				BCD8828828732B3A00863BB7 /* Resources */,
			);
			buildRules = (
			);
			dependencies = (
				BCD8828C28732B3A00863BB7 /* PBXTargetDependency */,
			);
			name = mtTests;
			productName = mtTests;
			productReference = BCD8828A28732B3A00863BB7 /* mtTests.xctest */;
			productType = "com.apple.product-type.bundle.unit-test";
		};
		BCD8829328732B3A00863BB7 /* mtUITests */ = {
			isa = PBXNativeTarget;
			buildConfigurationList = BCD882A428732B3A00863BB7 /* Build configuration list for PBXNativeTarget "mtUITests" */;
			buildPhases = (
				BCD8829028732B3A00863BB7 /* Sources */,
				BCD8829128732B3A00863BB7 /* Frameworks */,
				BCD8829228732B3A00863BB7 /* Resources */,
			);
			buildRules = (
			);
			dependencies = (
				BCD8829628732B3A00863BB7 /* PBXTargetDependency */,
			);
			name = mtUITests;
			productName = mtUITests;
			productReference = BCD8829428732B3A00863BB7 /* mtUITests.xctest */;
			productType = "com.apple.product-type.bundle.ui-testing";
		};
/* End PBXNativeTarget section */

/* Begin PBXProject section */
		BCD8827228732B3700863BB7 /* Project object */ = {
			isa = PBXProject;
			attributes = {
				BuildIndependentTargetsInParallel = 1;
				LastSwiftUpdateCheck = 1340;
				LastUpgradeCheck = 1340;
				TargetAttributes = {
					BCD8827928732B3700863BB7 = {
						CreatedOnToolsVersion = 13.4.1;
					};
					BCD8828928732B3A00863BB7 = {
						CreatedOnToolsVersion = 13.4.1;
						TestTargetID = BCD8827928732B3700863BB7;
					};
					BCD8829328732B3A00863BB7 = {
						CreatedOnToolsVersion = 13.4.1;
						TestTargetID = BCD8827928732B3700863BB7;
					};
				};
			};
			buildConfigurationList = BCD8827528732B3700863BB7 /* Build configuration list for PBXProject "mt" */;
			compatibilityVersion = "Xcode 13.0";
			developmentRegion = en;
			hasScannedForEncodings = 0;
			knownRegions = (
				en,
				Base,
			);
			mainGroup = BCD8827128732B3700863BB7;
			productRefGroup = BCD8827B28732B3700863BB7 /* Products */;
			projectDirPath = "";
			projectRoot = "";
			targets = (
				BCD8827928732B3700863BB7 /* mt */,
				BCD8828928732B3A00863BB7 /* mtTests */,
				BCD8829328732B3A00863BB7 /* mtUITests */,
			);
		};
/* End PBXProject section */

/* Begin PBXResourcesBuildPhase section */
		BCD8827828732B3700863BB7 /* Resources */ = {
			isa = PBXResourcesBuildPhase;
			buildActionMask = 2147483647;
			files = (
				BCD882AB28733AE500863BB7 /* Launch Screen.storyboard in Resources */,
				BCD8828528732B3900863BB7 /* Preview Assets.xcassets in Resources */,
				BCD8828228732B3900863BB7 /* Assets.xcassets in Resources */,
			);
			runOnlyForDeploymentPostprocessing = 0;
		};
		BCD8828828732B3A00863BB7 /* Resources */ = {
			isa = PBXResourcesBuildPhase;
			buildActionMask = 2147483647;
			files = (
			);
			runOnlyForDeploymentPostprocessing = 0;
		};
		BCD8829228732B3A00863BB7 /* Resources */ = {
			isa = PBXResourcesBuildPhase;
			buildActionMask = 2147483647;
			files = (
			);
			runOnlyForDeploymentPostprocessing = 0;
		};
/* End PBXResourcesBuildPhase section */

/* Begin PBXSourcesBuildPhase section */
		BCD8827628732B3700863BB7 /* Sources */ = {
			isa = PBXSourcesBuildPhase;
			buildActionMask = 2147483647;
			files = (
				BCD8828028732B3700863BB7 /* ContentView.swift in Sources */,
				BCD8827E28732B3700863BB7 /* mtApp.swift in Sources */,
				BCD882A928733ACC00863BB7 /* mt.xcdatamodeld in Sources */,
			);
			runOnlyForDeploymentPostprocessing = 0;
		};
		BCD8828628732B3A00863BB7 /* Sources */ = {
			isa = PBXSourcesBuildPhase;
			buildActionMask = 2147483647;
			files = (
				BCD8828F28732B3A00863BB7 /* mtTests.swift in Sources */,
			);
			runOnlyForDeploymentPostprocessing = 0;
		};
		BCD8829028732B3A00863BB7 /* Sources */ = {
			isa = PBXSourcesBuildPhase;
			buildActionMask = 2147483647;
			files = (
				BCD8829928732B3A00863BB7 /* mtUITests.swift in Sources */,
				BCD8829B28732B3A00863BB7 /* mtUITestsLaunchTests.swift in Sources */,
			);
			runOnlyForDeploymentPostprocessing = 0;
		};
/* End PBXSourcesBuildPhase section */

/* Begin PBXTargetDependency section */
		BCD8828C28732B3A00863BB7 /* PBXTargetDependency */ = {
			isa = PBXTargetDependency;
			target = BCD8827928732B3700863BB7 /* mt */;
			targetProxy = BCD8828B28732B3A00863BB7 /* PBXContainerItemProxy */;
		};
		BCD8829628732B3A00863BB7 /* PBXTargetDependency */ = {
			isa = PBXTargetDependency;
			target = BCD8827928732B3700863BB7 /* mt */;
			targetProxy = BCD8829528732B3A00863BB7 /* PBXContainerItemProxy */;
		};
/* End PBXTargetDependency section */

/* Begin XCBuildConfiguration section */
		BCD8829C28732B3A00863BB7 /* Debug */ = {
			isa = XCBuildConfiguration;
			buildSettings = {
				ALWAYS_SEARCH_USER_PATHS = NO;
				CLANG_ANALYZER_NONNULL = YES;
				CLANG_ANALYZER_NUMBER_OBJECT_CONVERSION = YES_AGGRESSIVE;
				CLANG_CXX_LANGUAGE_STANDARD = "gnu++17";
				CLANG_ENABLE_MODULES = YES;
				CLANG_ENABLE_OBJC_ARC = YES;
				CLANG_ENABLE_OBJC_WEAK = YES;
				CLANG_WARN_BLOCK_CAPTURE_AUTORELEASING = YES;
				CLANG_WARN_BOOL_CONVERSION = YES;
				CLANG_WARN_COMMA = YES;
				CLANG_WARN_CONSTANT_CONVERSION = YES;
				CLANG_WARN_DEPRECATED_OBJC_IMPLEMENTATIONS = YES;
				CLANG_WARN_DIRECT_OBJC_ISA_USAGE = YES_ERROR;
				CLANG_WARN_DOCUMENTATION_COMMENTS = YES;
				CLANG_WARN_EMPTY_BODY = YES;
				CLANG_WARN_ENUM_CONVERSION = YES;
				CLANG_WARN_INFINITE_RECURSION = YES;
				CLANG_WARN_INT_CONVERSION = YES;
				CLANG_WARN_NON_LITERAL_NULL_CONVERSION = YES;
				CLANG_WARN_OBJC_IMPLICIT_RETAIN_SELF = YES;
				CLANG_WARN_OBJC_LITERAL_CONVERSION = YES;
				CLANG_WARN_OBJC_ROOT_CLASS = YES_ERROR;
				CLANG_WARN_QUOTED_INCLUDE_IN_FRAMEWORK_HEADER = YES;
				CLANG_WARN_RANGE_LOOP_ANALYSIS = YES;
				CLANG_WARN_STRICT_PROTOTYPES = YES;
				CLANG_WARN_SUSPICIOUS_MOVE = YES;
				CLANG_WARN_UNGUARDED_AVAILABILITY = YES_AGGRESSIVE;
				CLANG_WARN_UNREACHABLE_CODE = YES;
				CLANG_WARN__DUPLICATE_METHOD_MATCH = YES;
				COPY_PHASE_STRIP = NO;
				DEBUG_INFORMATION_FORMAT = dwarf;
				ENABLE_STRICT_OBJC_MSGSEND = YES;
				ENABLE_TESTABILITY = YES;
				GCC_C_LANGUAGE_STANDARD = gnu11;
				GCC_DYNAMIC_NO_PIC = NO;
				GCC_NO_COMMON_BLOCKS = YES;
				GCC_OPTIMIZATION_LEVEL = 0;
				GCC_PREPROCESSOR_DEFINITIONS = (
					"DEBUG=1",
					"$(inherited)",
				);
				GCC_WARN_64_TO_32_BIT_CONVERSION = YES;
				GCC_WARN_ABOUT_RETURN_TYPE = YES_ERROR;
				GCC_WARN_UNDECLARED_SELECTOR = YES;
				GCC_WARN_UNINITIALIZED_AUTOS = YES_AGGRESSIVE;
				GCC_WARN_UNUSED_FUNCTION = YES;
				GCC_WARN_UNUSED_VARIABLE = YES;
				IPHONEOS_DEPLOYMENT_TARGET = 15.5;
				MTL_ENABLE_DEBUG_INFO = INCLUDE_SOURCE;
				MTL_FAST_MATH = YES;
				ONLY_ACTIVE_ARCH = YES;
				SDKROOT = iphoneos;
				SWIFT_ACTIVE_COMPILATION_CONDITIONS = DEBUG;
				SWIFT_OPTIMIZATION_LEVEL = "-Onone";
			};
			name = Debug;
		};
		BCD8829D28732B3A00863BB7 /* Release */ = {
			isa = XCBuildConfiguration;
			buildSettings = {
				ALWAYS_SEARCH_USER_PATHS = NO;
				CLANG_ANALYZER_NONNULL = YES;
				CLANG_ANALYZER_NUMBER_OBJECT_CONVERSION = YES_AGGRESSIVE;
				CLANG_CXX_LANGUAGE_STANDARD = "gnu++17";
				CLANG_ENABLE_MODULES = YES;
				CLANG_ENABLE_OBJC_ARC = YES;
				CLANG_ENABLE_OBJC_WEAK = YES;
				CLANG_WARN_BLOCK_CAPTURE_AUTORELEASING = YES;
				CLANG_WARN_BOOL_CONVERSION = YES;
				CLANG_WARN_COMMA = YES;
				CLANG_WARN_CONSTANT_CONVERSION = YES;
				CLANG_WARN_DEPRECATED_OBJC_IMPLEMENTATIONS = YES;
				CLANG_WARN_DIRECT_OBJC_ISA_USAGE = YES_ERROR;
				CLANG_WARN_DOCUMENTATION_COMMENTS = YES;
				CLANG_WARN_EMPTY_BODY = YES;
				CLANG_WARN_ENUM_CONVERSION = YES;
				CLANG_WARN_INFINITE_RECURSION = YES;
				CLANG_WARN_INT_CONVERSION = YES;
				CLANG_WARN_NON_LITERAL_NULL_CONVERSION = YES;
				CLANG_WARN_OBJC_IMPLICIT_RETAIN_SELF = YES;
				CLANG_WARN_OBJC_LITERAL_CONVERSION = YES;
				CLANG_WARN_OBJC_ROOT_CLASS = YES_ERROR;
				CLANG_WARN_QUOTED_INCLUDE_IN_FRAMEWORK_HEADER = YES;
				CLANG_WARN_RANGE_LOOP_ANALYSIS = YES;
				CLANG_WARN_STRICT_PROTOTYPES = YES;
				CLANG_WARN_SUSPICIOUS_MOVE = YES;
				CLANG_WARN_UNGUARDED_AVAILABILITY = YES_AGGRESSIVE;
				CLANG_WARN_UNREACHABLE_CODE = YES;
				CLANG_WARN__DUPLICATE_METHOD_MATCH = YES;
				COPY_PHASE_STRIP = NO;
				DEBUG_INFORMATION_FORMAT = "dwarf-with-dsym";
				ENABLE_NS_ASSERTIONS = NO;
				ENABLE_STRICT_OBJC_MSGSEND = YES;
				GCC_C_LANGUAGE_STANDARD = gnu11;
				GCC_NO_COMMON_BLOCKS = YES;
				GCC_WARN_64_TO_32_BIT_CONVERSION = YES;
				GCC_WARN_ABOUT_RETURN_TYPE = YES_ERROR;
				GCC_WARN_UNDECLARED_SELECTOR = YES;
				GCC_WARN_UNINITIALIZED_AUTOS = YES_AGGRESSIVE;
				GCC_WARN_UNUSED_FUNCTION = YES;
				GCC_WARN_UNUSED_VARIABLE = YES;
				IPHONEOS_DEPLOYMENT_TARGET = 15.5;
				MTL_ENABLE_DEBUG_INFO = NO;
				MTL_FAST_MATH = YES;
				SDKROOT = iphoneos;
				SWIFT_COMPILATION_MODE = wholemodule;
				SWIFT_OPTIMIZATION_LEVEL = "-O";
				VALIDATE_PRODUCT = YES;
			};
			name = Release;
		};
		BCD8829F28732B3A00863BB7 /* Debug */ = {
			isa = XCBuildConfiguration;
			buildSettings = {
				ASSETCATALOG_COMPILER_APPICON_NAME = AppIcon;
				ASSETCATALOG_COMPILER_GLOBAL_ACCENT_COLOR_NAME = AccentColor;
				CODE_SIGN_STYLE = Automatic;
				CURRENT_PROJECT_VERSION = 1;
				DEVELOPMENT_ASSET_PATHS = "\"mt/Preview Content\"";
				DEVELOPMENT_TEAM = W59W3QVKXJ;
				ENABLE_PREVIEWS = YES;
				GENERATE_INFOPLIST_FILE = YES;
				INFOPLIST_KEY_UIApplicationSceneManifest_Generation = YES;
				INFOPLIST_KEY_UIApplicationSupportsIndirectInputEvents = YES;
				INFOPLIST_KEY_UILaunchScreen_Generation = YES;
				INFOPLIST_KEY_UISupportedInterfaceOrientations_iPad = "UIInterfaceOrientationPortrait UIInterfaceOrientationPortraitUpsideDown UIInterfaceOrientationLandscapeLeft UIInterfaceOrientationLandscapeRight";
				INFOPLIST_KEY_UISupportedInterfaceOrientations_iPhone = "UIInterfaceOrientationPortrait UIInterfaceOrientationLandscapeLeft UIInterfaceOrientationLandscapeRight";
				LD_RUNPATH_SEARCH_PATHS = (
					"$(inherited)",
					"@executable_path/Frameworks",
				);
				MARKETING_VERSION = 1.0;
				PRODUCT_BUNDLE_IDENTIFIER = com.sigmatech.mt;
				PRODUCT_NAME = "$(TARGET_NAME)";
				SWIFT_EMIT_LOC_STRINGS = YES;
				SWIFT_VERSION = 5.0;
				TARGETED_DEVICE_FAMILY = "1,2";
			};
			name = Debug;
		};
		BCD882A028732B3A00863BB7 /* Release */ = {
			isa = XCBuildConfiguration;
			buildSettings = {
				ASSETCATALOG_COMPILER_APPICON_NAME = AppIcon;
				ASSETCATALOG_COMPILER_GLOBAL_ACCENT_COLOR_NAME = AccentColor;
				CODE_SIGN_STYLE = Automatic;
				CURRENT_PROJECT_VERSION = 1;
				DEVELOPMENT_ASSET_PATHS = "\"mt/Preview Content\"";
				DEVELOPMENT_TEAM = W59W3QVKXJ;
				ENABLE_PREVIEWS = YES;
				GENERATE_INFOPLIST_FILE = YES;
				INFOPLIST_KEY_UIApplicationSceneManifest_Generation = YES;
				INFOPLIST_KEY_UIApplicationSupportsIndirectInputEvents = YES;
				INFOPLIST_KEY_UILaunchScreen_Generation = YES;
				INFOPLIST_KEY_UISupportedInterfaceOrientations_iPad = "UIInterfaceOrientationPortrait UIInterfaceOrientationPortraitUpsideDown UIInterfaceOrientationLandscapeLeft UIInterfaceOrientationLandscapeRight";
				INFOPLIST_KEY_UISupportedInterfaceOrientations_iPhone = "UIInterfaceOrientationPortrait UIInterfaceOrientationLandscapeLeft UIInterfaceOrientationLandscapeRight";
				LD_RUNPATH_SEARCH_PATHS = (
					"$(inherited)",
					"@executable_path/Frameworks",
				);
				MARKETING_VERSION = 1.0;
				PRODUCT_BUNDLE_IDENTIFIER = com.sigmatech.mt;
				PRODUCT_NAME = "$(TARGET_NAME)";
				SWIFT_EMIT_LOC_STRINGS = YES;
				SWIFT_VERSION = 5.0;
				TARGETED_DEVICE_FAMILY = "1,2";
			};
			name = Release;
		};
		BCD882A228732B3A00863BB7 /* Debug */ = {
			isa = XCBuildConfiguration;
			buildSettings = {
				ALWAYS_EMBED_SWIFT_STANDARD_LIBRARIES = YES;
				BUNDLE_LOADER = "$(TEST_HOST)";
				CODE_SIGN_STYLE = Automatic;
				CURRENT_PROJECT_VERSION = 1;
				DEVELOPMENT_TEAM = W59W3QVKXJ;
				GENERATE_INFOPLIST_FILE = YES;
				IPHONEOS_DEPLOYMENT_TARGET = 15.5;
				MARKETING_VERSION = 1.0;
				PRODUCT_BUNDLE_IDENTIFIER = com.sigmatech.mtTests;
				PRODUCT_NAME = "$(TARGET_NAME)";
				SWIFT_EMIT_LOC_STRINGS = NO;
				SWIFT_VERSION = 5.0;
				TARGETED_DEVICE_FAMILY = "1,2";
				TEST_HOST = "$(BUILT_PRODUCTS_DIR)/mt.app/mt";
			};
			name = Debug;
		};
		BCD882A328732B3A00863BB7 /* Release */ = {
			isa = XCBuildConfiguration;
			buildSettings = {
				ALWAYS_EMBED_SWIFT_STANDARD_LIBRARIES = YES;
				BUNDLE_LOADER = "$(TEST_HOST)";
				CODE_SIGN_STYLE = Automatic;
				CURRENT_PROJECT_VERSION = 1;
				DEVELOPMENT_TEAM = W59W3QVKXJ;
				GENERATE_INFOPLIST_FILE = YES;
				IPHONEOS_DEPLOYMENT_TARGET = 15.5;
				MARKETING_VERSION = 1.0;
				PRODUCT_BUNDLE_IDENTIFIER = com.sigmatech.mtTests;
				PRODUCT_NAME = "$(TARGET_NAME)";
				SWIFT_EMIT_LOC_STRINGS = NO;
				SWIFT_VERSION = 5.0;
				TARGETED_DEVICE_FAMILY = "1,2";
				TEST_HOST = "$(BUILT_PRODUCTS_DIR)/mt.app/mt";
			};
			name = Release;
		};
		BCD882A528732B3A00863BB7 /* Debug */ = {
			isa = XCBuildConfiguration;
			buildSettings = {
				ALWAYS_EMBED_SWIFT_STANDARD_LIBRARIES = YES;
				CODE_SIGN_STYLE = Automatic;
				CURRENT_PROJECT_VERSION = 1;
				DEVELOPMENT_TEAM = W59W3QVKXJ;
				GENERATE_INFOPLIST_FILE = YES;
				MARKETING_VERSION = 1.0;
				PRODUCT_BUNDLE_IDENTIFIER = com.sigmatech.mtUITests;
				PRODUCT_NAME = "$(TARGET_NAME)";
				SWIFT_EMIT_LOC_STRINGS = NO;
				SWIFT_VERSION = 5.0;
				TARGETED_DEVICE_FAMILY = "1,2";
				TEST_TARGET_NAME = mt;
			};
			name = Debug;
		};
		BCD882A628732B3A00863BB7 /* Release */ = {
			isa = XCBuildConfiguration;
			buildSettings = {
				ALWAYS_EMBED_SWIFT_STANDARD_LIBRARIES = YES;
				CODE_SIGN_STYLE = Automatic;
				CURRENT_PROJECT_VERSION = 1;
				DEVELOPMENT_TEAM = W59W3QVKXJ;
				GENERATE_INFOPLIST_FILE = YES;
				MARKETING_VERSION = 1.0;
				PRODUCT_BUNDLE_IDENTIFIER = com.sigmatech.mtUITests;
				PRODUCT_NAME = "$(TARGET_NAME)";
				SWIFT_EMIT_LOC_STRINGS = NO;
				SWIFT_VERSION = 5.0;
				TARGETED_DEVICE_FAMILY = "1,2";
				TEST_TARGET_NAME = mt;
			};
			name = Release;
		};
/* End XCBuildConfiguration section */

/* Begin XCConfigurationList section */
		BCD8827528732B3700863BB7 /* Build configuration list for PBXProject "mt" */ = {
			isa = XCConfigurationList;
			buildConfigurations = (
				BCD8829C28732B3A00863BB7 /* Debug */,
				BCD8829D28732B3A00863BB7 /* Release */,
			);
			defaultConfigurationIsVisible = 0;
			defaultConfigurationName = Release;
		};
		BCD8829E28732B3A00863BB7 /* Build configuration list for PBXNativeTarget "mt" */ = {
			isa = XCConfigurationList;
			buildConfigurations = (
				BCD8829F28732B3A00863BB7 /* Debug */,
				BCD882A028732B3A00863BB7 /* Release */,
			);
			defaultConfigurationIsVisible = 0;
			defaultConfigurationName = Release;
		};
		BCD882A128732B3A00863BB7 /* Build configuration list for PBXNativeTarget "mtTests" */ = {
			isa = XCConfigurationList;
			buildConfigurations = (
				BCD882A228732B3A00863BB7 /* Debug */,
				BCD882A328732B3A00863BB7 /* Release */,
			);
			defaultConfigurationIsVisible = 0;
			defaultConfigurationName = Release;
		};
		BCD882A428732B3A00863BB7 /* Build configuration list for PBXNativeTarget "mtUITests" */ = {
			isa = XCConfigurationList;
			buildConfigurations = (
				BCD882A528732B3A00863BB7 /* Debug */,
				BCD882A628732B3A00863BB7 /* Release */,
			);
			defaultConfigurationIsVisible = 0;
			defaultConfigurationName = Release;
		};
/* End XCConfigurationList section */

/* Begin XCVersionGroup section */
		BCD882A728733ACC00863BB7 /* mt.xcdatamodeld */ = {
			isa = XCVersionGroup;
			children = (
				BCD882A828733ACC00863BB7 /* mt.xcdatamodel */,
			);
			currentVersion = BCD882A828733ACC00863BB7 /* mt.xcdatamodel */;
			path = mt.xcdatamodeld;
			sourceTree = "<group>";
			versionGroupType = wrapper.xcdatamodel;
		};
/* End XCVersionGroup section */
	};
	rootObject = BCD8827228732B3700863BB7 /* Project object */;
}
